
Microsoft Visual Studio Solution File, Format Version 12.00
# Visual Studio Version 16
VisualStudioVersion = 16.0.29123.88
MinimumVisualStudioVersion = 10.0.40219.1
Project("{FAE04EC0-301F-11D3-BF4B-00C04F79EFBC}") = "cw2", "cw2.csproj", "{55B6DF38-1C35-4FDE-A25E-E13D27301EB3}"
EndProject
Global
	GlobalSection(SolutionConfigurationPlatforms) = preSolution
		Debug|Any CPU = Debug|Any CPU
		Release|Any CPU = Release|Any CPU
	EndGlobalSection
	GlobalSection(ProjectConfigurationPlatforms) = postSolution
		{55B6DF38-1C35-4FDE-A25E-E13D27301EB3}.Debug|Any CPU.ActiveCfg = Debug|Any CPU
		{55B6DF38-1C35-4FDE-A25E-E13D27301EB3}.Debug|Any CPU.Build.0 = Debug|Any CPU
		{55B6DF38-1C35-4FDE-A25E-E13D27301EB3}.Release|Any CPU.ActiveCfg = Release|Any CPU
		{55B6DF38-1C35-4FDE-A25E-E13D27301EB3}.Release|Any CPU.Build.0 = Release|Any CPU
	EndGlobalSection
	GlobalSection(SolutionProperties) = preSolution
		HideSolutionNode = FALSE
	EndGlobalSection
	GlobalSection(ExtensibilityGlobals) = postSolution
		SolutionGuid = {54DE501A-2C1A-47FD-860F-AECDC0357F8E}
	EndGlobalSection
EndGlobal
